{
  "name": "server",
  "version": "1.0.0",
  "lockfileVersion": 1,
  "requires": true,
  "dependencies": {
    "agora-node-rtm": {
      "version": "git+https://github.com/plutoless/rtm_nodejs.git#acec671d2983b2b617c576a1fe54adeaf9e328c7",
      "from": "git+https://github.com/plutoless/rtm_nodejs.git#dev/pkg"
    }
  }
}
